
Microsoft Visual Studio Solution File, Format Version 12.00
# Visual Studio Version 17
VisualStudioVersion = 17.0.31903.59
MinimumVisualStudioVersion = 10.0.40219.1
Project("{2150E333-8FDC-42A3-9474-1A3956D46DE8}") = "services", "services", "{09ABDD34-A680-4FD2-BC9D-AFFB20F7E2A0}"
EndProject
Project("{2150E333-8FDC-42A3-9474-1A3956D46DE8}") = "catalog", "catalog", "{B2E2AAF0-3B77-4374-AAD4-837DAB02DA3A}"
EndProject
Project("{2150E333-8FDC-42A3-9474-1A3956D46DE8}") = "src", "src", "{B20EF0D1-70AE-4E0E-BB6A-C672055E171D}"
EndProject
Project("{FAE04EC0-301F-11D3-BF4B-00C04F79EFBC}") = "Catalog.Api", "services\catalog\src\Catalog.Api\Catalog.Api.csproj", "{0E549949-E136-41AA-8E54-60DEED5B4EA6}"
EndProject
Project("{FAE04EC0-301F-11D3-BF4B-00C04F79EFBC}") = "Catalog.Domain", "services\catalog\src\Catalog.Domain\Catalog.Domain.csproj", "{9C66AFAE-C6CA-4D0A-A711-F1B80DD06134}"
EndProject
Project("{FAE04EC0-301F-11D3-BF4B-00C04F79EFBC}") = "Catalog.Infrastructure", "services\catalog\src\Catalog.Infrastructure\Catalog.Infrastructure.csproj", "{AB47AF12-F5D4-44CB-8CA1-2CE96F142D92}"
EndProject
Project("{2150E333-8FDC-42A3-9474-1A3956D46DE8}") = "tests", "tests", "{9EA9FD42-5F6A-45F8-B14E-D4235B84EAA1}"
EndProject
Project("{FAE04EC0-301F-11D3-BF4B-00C04F79EFBC}") = "Catalog.Tests", "tests\Catalog.Tests\Catalog.Tests.csproj", "{58707A48-3E01-42A6-A9CB-A9AC1964DB70}"
EndProject
Project("{2150E333-8FDC-42A3-9474-1A3956D46DE8}") = "inventory", "inventory", "{CB414027-4734-4016-A2D4-7F08B60C01F5}"
EndProject
Project("{2150E333-8FDC-42A3-9474-1A3956D46DE8}") = "src", "src", "{CFA76F85-0452-40A6-A016-D1920CA0287F}"
EndProject
Project("{FAE04EC0-301F-11D3-BF4B-00C04F79EFBC}") = "Inventory.Api", "services\inventory\src\Inventory.Api\Inventory.Api.csproj", "{8865DAC9-868A-4D70-8BC1-62F661E7D0FD}"
EndProject
Project("{FAE04EC0-301F-11D3-BF4B-00C04F79EFBC}") = "Inventory.Domain", "services\inventory\src\Inventory.Domain\Inventory.Domain.csproj", "{31E0926E-1417-4E97-84A0-CD427EAA4DAD}"
EndProject
Project("{FAE04EC0-301F-11D3-BF4B-00C04F79EFBC}") = "Inventory.Infrastructure", "services\inventory\src\Inventory.Infrastructure\Inventory.Infrastructure.csproj", "{7DBCC125-96CF-4B19-B8B6-CDC7707B81E5}"
EndProject
Project("{FAE04EC0-301F-11D3-BF4B-00C04F79EFBC}") = "Inventory.Tests", "tests\Inventory.Tests\Inventory.Tests.csproj", "{6EA3FD32-2E03-4E27-8298-C20CB551DA29}"
EndProject
Project("{FAE04EC0-301F-11D3-BF4B-00C04F79EFBC}") = "Inventory.Application", "services\inventory\src\Inventory.Application\Inventory.Application.csproj", "{1898D25C-57A4-4BBC-B2E8-A0566844F7EB}"
EndProject
Global
	GlobalSection(SolutionConfigurationPlatforms) = preSolution
		Debug|Any CPU = Debug|Any CPU
		Release|Any CPU = Release|Any CPU
	EndGlobalSection
	GlobalSection(SolutionProperties) = preSolution
		HideSolutionNode = FALSE
	EndGlobalSection
	GlobalSection(ProjectConfigurationPlatforms) = postSolution
		{0E549949-E136-41AA-8E54-60DEED5B4EA6}.Debug|Any CPU.ActiveCfg = Debug|Any CPU
		{0E549949-E136-41AA-8E54-60DEED5B4EA6}.Debug|Any CPU.Build.0 = Debug|Any CPU
		{0E549949-E136-41AA-8E54-60DEED5B4EA6}.Release|Any CPU.ActiveCfg = Release|Any CPU
		{0E549949-E136-41AA-8E54-60DEED5B4EA6}.Release|Any CPU.Build.0 = Release|Any CPU
		{9C66AFAE-C6CA-4D0A-A711-F1B80DD06134}.Debug|Any CPU.ActiveCfg = Debug|Any CPU
		{9C66AFAE-C6CA-4D0A-A711-F1B80DD06134}.Debug|Any CPU.Build.0 = Debug|Any CPU
		{9C66AFAE-C6CA-4D0A-A711-F1B80DD06134}.Release|Any CPU.ActiveCfg = Release|Any CPU
		{9C66AFAE-C6CA-4D0A-A711-F1B80DD06134}.Release|Any CPU.Build.0 = Release|Any CPU
		{AB47AF12-F5D4-44CB-8CA1-2CE96F142D92}.Debug|Any CPU.ActiveCfg = Debug|Any CPU
		{AB47AF12-F5D4-44CB-8CA1-2CE96F142D92}.Debug|Any CPU.Build.0 = Debug|Any CPU
		{AB47AF12-F5D4-44CB-8CA1-2CE96F142D92}.Release|Any CPU.ActiveCfg = Release|Any CPU
		{AB47AF12-F5D4-44CB-8CA1-2CE96F142D92}.Release|Any CPU.Build.0 = Release|Any CPU
		{58707A48-3E01-42A6-A9CB-A9AC1964DB70}.Debug|Any CPU.ActiveCfg = Debug|Any CPU
		{58707A48-3E01-42A6-A9CB-A9AC1964DB70}.Debug|Any CPU.Build.0 = Debug|Any CPU
		{58707A48-3E01-42A6-A9CB-A9AC1964DB70}.Release|Any CPU.ActiveCfg = Release|Any CPU
		{58707A48-3E01-42A6-A9CB-A9AC1964DB70}.Release|Any CPU.Build.0 = Release|Any CPU
		{8865DAC9-868A-4D70-8BC1-62F661E7D0FD}.Debug|Any CPU.ActiveCfg = Debug|Any CPU
		{8865DAC9-868A-4D70-8BC1-62F661E7D0FD}.Debug|Any CPU.Build.0 = Debug|Any CPU
		{8865DAC9-868A-4D70-8BC1-62F661E7D0FD}.Release|Any CPU.ActiveCfg = Release|Any CPU
		{8865DAC9-868A-4D70-8BC1-62F661E7D0FD}.Release|Any CPU.Build.0 = Release|Any CPU
		{31E0926E-1417-4E97-84A0-CD427EAA4DAD}.Debug|Any CPU.ActiveCfg = Debug|Any CPU
		{31E0926E-1417-4E97-84A0-CD427EAA4DAD}.Debug|Any CPU.Build.0 = Debug|Any CPU
		{31E0926E-1417-4E97-84A0-CD427EAA4DAD}.Release|Any CPU.ActiveCfg = Release|Any CPU
		{31E0926E-1417-4E97-84A0-CD427EAA4DAD}.Release|Any CPU.Build.0 = Release|Any CPU
		{7DBCC125-96CF-4B19-B8B6-CDC7707B81E5}.Debug|Any CPU.ActiveCfg = Debug|Any CPU
		{7DBCC125-96CF-4B19-B8B6-CDC7707B81E5}.Debug|Any CPU.Build.0 = Debug|Any CPU
		{7DBCC125-96CF-4B19-B8B6-CDC7707B81E5}.Release|Any CPU.ActiveCfg = Release|Any CPU
		{7DBCC125-96CF-4B19-B8B6-CDC7707B81E5}.Release|Any CPU.Build.0 = Release|Any CPU
		{6EA3FD32-2E03-4E27-8298-C20CB551DA29}.Debug|Any CPU.ActiveCfg = Debug|Any CPU
		{6EA3FD32-2E03-4E27-8298-C20CB551DA29}.Debug|Any CPU.Build.0 = Debug|Any CPU
		{6EA3FD32-2E03-4E27-8298-C20CB551DA29}.Release|Any CPU.ActiveCfg = Release|Any CPU
		{6EA3FD32-2E03-4E27-8298-C20CB551DA29}.Release|Any CPU.Build.0 = Release|Any CPU
		{1898D25C-57A4-4BBC-B2E8-A0566844F7EB}.Debug|Any CPU.ActiveCfg = Debug|Any CPU
		{1898D25C-57A4-4BBC-B2E8-A0566844F7EB}.Debug|Any CPU.Build.0 = Debug|Any CPU
		{1898D25C-57A4-4BBC-B2E8-A0566844F7EB}.Release|Any CPU.ActiveCfg = Release|Any CPU
		{1898D25C-57A4-4BBC-B2E8-A0566844F7EB}.Release|Any CPU.Build.0 = Release|Any CPU
	EndGlobalSection
	GlobalSection(NestedProjects) = preSolution
		{B2E2AAF0-3B77-4374-AAD4-837DAB02DA3A} = {09ABDD34-A680-4FD2-BC9D-AFFB20F7E2A0}
		{B20EF0D1-70AE-4E0E-BB6A-C672055E171D} = {B2E2AAF0-3B77-4374-AAD4-837DAB02DA3A}
		{0E549949-E136-41AA-8E54-60DEED5B4EA6} = {B20EF0D1-70AE-4E0E-BB6A-C672055E171D}
		{9C66AFAE-C6CA-4D0A-A711-F1B80DD06134} = {B20EF0D1-70AE-4E0E-BB6A-C672055E171D}
		{AB47AF12-F5D4-44CB-8CA1-2CE96F142D92} = {B20EF0D1-70AE-4E0E-BB6A-C672055E171D}
		{58707A48-3E01-42A6-A9CB-A9AC1964DB70} = {9EA9FD42-5F6A-45F8-B14E-D4235B84EAA1}
		{CB414027-4734-4016-A2D4-7F08B60C01F5} = {09ABDD34-A680-4FD2-BC9D-AFFB20F7E2A0}
		{CFA76F85-0452-40A6-A016-D1920CA0287F} = {CB414027-4734-4016-A2D4-7F08B60C01F5}
		{8865DAC9-868A-4D70-8BC1-62F661E7D0FD} = {CFA76F85-0452-40A6-A016-D1920CA0287F}
		{31E0926E-1417-4E97-84A0-CD427EAA4DAD} = {CFA76F85-0452-40A6-A016-D1920CA0287F}
		{7DBCC125-96CF-4B19-B8B6-CDC7707B81E5} = {CFA76F85-0452-40A6-A016-D1920CA0287F}
		{6EA3FD32-2E03-4E27-8298-C20CB551DA29} = {9EA9FD42-5F6A-45F8-B14E-D4235B84EAA1}
		{1898D25C-57A4-4BBC-B2E8-A0566844F7EB} = {CFA76F85-0452-40A6-A016-D1920CA0287F}
	EndGlobalSection
EndGlobal
